{
  "name": "n4m-typescript",
  "version": "1.0.0",
  "lockfileVersion": 3,
  "requires": true,
  "packages": {
    "": {
      "name": "n4m-typescript",
      "version": "1.0.0",
      "license": "ISC",
      "devDependencies": {
        "@tsconfig/node20": "^20.1.2",
        "@types/max-api": "^2.0.3",
        "@types/node": "^20.11.15",
        "typescript": "^5.3.3"
      },
      "engines": {
        "node": ">=20.6"
      }
    },
    "node_modules/@tsconfig/node20": {
      "version": "20.1.2",
      "resolved": "https://registry.npmjs.org/@tsconfig/node20/-/node20-20.1.2.tgz",
      "integrity": "sha512-madaWq2k+LYMEhmcp0fs+OGaLFk0OenpHa4gmI4VEmCKX4PJntQ6fnnGADVFrVkBj0wIdAlQnK/MrlYTHsa1gQ==",
      "dev": true
    },
    "node_modules/@types/max-api": {
      "version": "2.0.3",
      "resolved": "https://registry.npmjs.org/@types/max-api/-/max-api-2.0.3.tgz",
      "integrity": "sha512-AyWhpYL3O0pYazbu6JPWrce5qkSoo9dh34zig6Sim7Vd+Uv3lGdTB2fZSw8t4Zu1wQgPDrjcLOkKoefCmQsW1Q==",
      "dev": true
    },
    "node_modules/@types/node": {
      "version": "20.11.15",
      "resolved": "https://registry.npmjs.org/@types/node/-/node-20.11.15.tgz",
      "integrity": "sha512-gscmuADZfvNULx1eyirVbr3kVOVZtpQtzKMCZpeSZcN6MfbkRXAR4s9/gsQ4CzxLHw6EStDtKLNtSDL3vbq05A==",
      "dev": true,
      "dependencies": {
        "undici-types": "~5.26.4"
      }
    },
    "node_modules/typescript": {
      "version": "5.3.3",
      "resolved": "https://registry.npmjs.org/typescript/-/typescript-5.3.3.tgz",
      "integrity": "sha512-pXWcraxM0uxAS+tN0AG/BF2TyqmHO014Z070UsJ+pFvYuRSq8KH8DmWpnbXe0pEPDHXZV3FcAbJkijJ5oNEnWw==",
      "dev": true,
      "bin": {
        "tsc": "bin/tsc",
        "tsserver": "bin/tsserver"
      },
      "engines": {
        "node": ">=14.17"
      }
    },
    "node_modules/undici-types": {
      "version": "5.26.5",
      "resolved": "https://registry.npmjs.org/undici-types/-/undici-types-5.26.5.tgz",
      "integrity": "sha512-JlCMO+ehdEIKqlFxk6IfVoAUVmgz7cU7zD/h9XZ0qzeosSHmUJVOzSQvvYSYWXkFXC+IfLKSIffhv0sVZup6pA==",
      "dev": true
    }
  }
}
